Microsoft Visual Studio Solution File, Format Version 12.00
# Visual Studio Version 17
VisualStudioVersion = 17.5.2.0
MinimumVisualStudioVersion = 10.0.40219.1
Project("{FAE04EC0-301F-11D3-BF4B-00C04F79EFBC}") = "projecteuler006", "projecteuler006.csproj", "{FE6290A1-3FFC-7CCC-EB6C-C6AF91A70E86}"
EndProject
Global
	GlobalSection(SolutionConfigurationPlatforms) = preSolution
		Debug|Any CPU = Debug|Any CPU
		Release|Any CPU = Release|Any CPU
	EndGlobalSection
	GlobalSection(ProjectConfigurationPlatforms) = postSolution
		{FE6290A1-3FFC-7CCC-EB6C-C6AF91A70E86}.Debug|Any CPU.ActiveCfg = Debug|Any CPU
		{FE6290A1-3FFC-7CCC-EB6C-C6AF91A70E86}.Debug|Any CPU.Build.0 = Debug|Any CPU
		{FE6290A1-3FFC-7CCC-EB6C-C6AF91A70E86}.Release|Any CPU.ActiveCfg = Release|Any CPU
		{FE6290A1-3FFC-7CCC-EB6C-C6AF91A70E86}.Release|Any CPU.Build.0 = Release|Any CPU
	EndGlobalSection
	GlobalSection(SolutionProperties) = preSolution
		HideSolutionNode = FALSE
	EndGlobalSection
	GlobalSection(ExtensibilityGlobals) = postSolution
		SolutionGuid = {15AD291B-AEFD-4F34-B41D-9622E1CA035E}
	EndGlobalSection
EndGlobal
