Microsoft Visual Studio Solution File, Format Version 12.00
# Visual Studio Version 17
VisualStudioVersion = 17.5.2.0
MinimumVisualStudioVersion = 10.0.40219.1
Project("{FAE04EC0-301F-11D3-BF4B-00C04F79EFBC}") = "projecteuler003", "projecteuler003.csproj", "{751D33CD-472B-D79A-4324-53CD74294913}"
EndProject
Global
	GlobalSection(SolutionConfigurationPlatforms) = preSolution
		Debug|Any CPU = Debug|Any CPU
		Release|Any CPU = Release|Any CPU
	EndGlobalSection
	GlobalSection(ProjectConfigurationPlatforms) = postSolution
		{751D33CD-472B-D79A-4324-53CD74294913}.Debug|Any CPU.ActiveCfg = Debug|Any CPU
		{751D33CD-472B-D79A-4324-53CD74294913}.Debug|Any CPU.Build.0 = Debug|Any CPU
		{751D33CD-472B-D79A-4324-53CD74294913}.Release|Any CPU.ActiveCfg = Release|Any CPU
		{751D33CD-472B-D79A-4324-53CD74294913}.Release|Any CPU.Build.0 = Release|Any CPU
	EndGlobalSection
	GlobalSection(SolutionProperties) = preSolution
		HideSolutionNode = FALSE
	EndGlobalSection
	GlobalSection(ExtensibilityGlobals) = postSolution
		SolutionGuid = {06CB3B9A-4308-4946-B85F-63C110883BCF}
	EndGlobalSection
EndGlobal
