Microsoft Visual Studio Solution File, Format Version 12.00
# Visual Studio Version 17
VisualStudioVersion = 17.5.2.0
MinimumVisualStudioVersion = 10.0.40219.1
Project("{FAE04EC0-301F-11D3-BF4B-00C04F79EFBC}") = "projecteuler022", "projecteuler022.csproj", "{AE435991-4149-DC7F-4556-59EFB635B405}"
EndProject
Global
	GlobalSection(SolutionConfigurationPlatforms) = preSolution
		Debug|Any CPU = Debug|Any CPU
		Release|Any CPU = Release|Any CPU
	EndGlobalSection
	GlobalSection(ProjectConfigurationPlatforms) = postSolution
		{AE435991-4149-DC7F-4556-59EFB635B405}.Debug|Any CPU.ActiveCfg = Debug|Any CPU
		{AE435991-4149-DC7F-4556-59EFB635B405}.Debug|Any CPU.Build.0 = Debug|Any CPU
		{AE435991-4149-DC7F-4556-59EFB635B405}.Release|Any CPU.ActiveCfg = Release|Any CPU
		{AE435991-4149-DC7F-4556-59EFB635B405}.Release|Any CPU.Build.0 = Release|Any CPU
	EndGlobalSection
	GlobalSection(SolutionProperties) = preSolution
		HideSolutionNode = FALSE
	EndGlobalSection
	GlobalSection(ExtensibilityGlobals) = postSolution
		SolutionGuid = {8DF04384-42C5-4D1E-95EC-E7E826E53B6C}
	EndGlobalSection
EndGlobal
