Microsoft Visual Studio Solution File, Format Version 12.00
# Visual Studio Version 17
VisualStudioVersion = 17.5.2.0
MinimumVisualStudioVersion = 10.0.40219.1
Project("{FAE04EC0-301F-11D3-BF4B-00C04F79EFBC}") = "projecteuler002", "projecteuler002.csproj", "{9E0BE93C-1905-425B-16EE-1A23BD451482}"
EndProject
Global
	GlobalSection(SolutionConfigurationPlatforms) = preSolution
		Debug|Any CPU = Debug|Any CPU
		Release|Any CPU = Release|Any CPU
	EndGlobalSection
	GlobalSection(ProjectConfigurationPlatforms) = postSolution
		{9E0BE93C-1905-425B-16EE-1A23BD451482}.Debug|Any CPU.ActiveCfg = Debug|Any CPU
		{9E0BE93C-1905-425B-16EE-1A23BD451482}.Debug|Any CPU.Build.0 = Debug|Any CPU
		{9E0BE93C-1905-425B-16EE-1A23BD451482}.Release|Any CPU.ActiveCfg = Release|Any CPU
		{9E0BE93C-1905-425B-16EE-1A23BD451482}.Release|Any CPU.Build.0 = Release|Any CPU
	EndGlobalSection
	GlobalSection(SolutionProperties) = preSolution
		HideSolutionNode = FALSE
	EndGlobalSection
	GlobalSection(ExtensibilityGlobals) = postSolution
		SolutionGuid = {26CC6353-68AD-4FF5-A426-70F741EF83F6}
	EndGlobalSection
EndGlobal
